
Microsoft Visual Studio Solution File, Format Version 12.00
Project("{FAE04EC0-301F-11D3-BF4B-00C04F79EFBC}") = "Parcial_02", "Parcial_02.csproj", "{0A7FA8B7-90AB-466E-B76F-DB160EFBA0FE}"
EndProject
Global
	GlobalSection(SolutionConfigurationPlatforms) = preSolution
		Debug|Any CPU = Debug|Any CPU
		Release|Any CPU = Release|Any CPU
	EndGlobalSection
	GlobalSection(ProjectConfigurationPlatforms) = postSolution
		{0A7FA8B7-90AB-466E-B76F-DB160EFBA0FE}.Debug|Any CPU.ActiveCfg = Debug|Any CPU
		{0A7FA8B7-90AB-466E-B76F-DB160EFBA0FE}.Debug|Any CPU.Build.0 = Debug|Any CPU
		{0A7FA8B7-90AB-466E-B76F-DB160EFBA0FE}.Release|Any CPU.ActiveCfg = Release|Any CPU
		{0A7FA8B7-90AB-466E-B76F-DB160EFBA0FE}.Release|Any CPU.Build.0 = Release|Any CPU
	EndGlobalSection
EndGlobal
